
Microsoft Visual Studio Solution File, Format Version 12.00
# Visual Studio Version 17
VisualStudioVersion = 17.6.33829.357
MinimumVisualStudioVersion = 10.0.40219.1
Project("{FAE04EC0-301F-11D3-BF4B-00C04F79EFBC}") = "SampleNetCore", "SampleNetCore.csproj", "{7B49B47E-265A-4B58-A35C-C3A56BD25143}"
EndProject
Global
	GlobalSection(SolutionConfigurationPlatforms) = preSolution
		Debug|Any CPU = Debug|Any CPU
		Release|Any CPU = Release|Any CPU
	EndGlobalSection
	GlobalSection(ProjectConfigurationPlatforms) = postSolution
		{7B49B47E-265A-4B58-A35C-C3A56BD25143}.Debug|Any CPU.ActiveCfg = Debug|Any CPU
		{7B49B47E-265A-4B58-A35C-C3A56BD25143}.Debug|Any CPU.Build.0 = Debug|Any CPU
		{7B49B47E-265A-4B58-A35C-C3A56BD25143}.Release|Any CPU.ActiveCfg = Release|Any CPU
		{7B49B47E-265A-4B58-A35C-C3A56BD25143}.Release|Any CPU.Build.0 = Release|Any CPU
	EndGlobalSection
	GlobalSection(SolutionProperties) = preSolution
		HideSolutionNode = FALSE
	EndGlobalSection
	GlobalSection(ExtensibilityGlobals) = postSolution
		SolutionGuid = {C9F651C7-C9EE-4855-89BE-020FF249511E}
	EndGlobalSection
EndGlobal
